
Microsoft Visual Studio Solution File, Format Version 12.00
# Visual Studio Version 16
VisualStudioVersion = 16.0.29025.244
MinimumVisualStudioVersion = 10.0.40219.1
Project("{FAE04EC0-301F-11D3-BF4B-00C04F79EFBC}") = "LetsEncrypt.Client", "LetsEncrypt.Client\LetsEncrypt.Client.csproj", "{57591660-DD2E-4BB8-808F-D4430A6ADDFE}"
EndProject
Global
	GlobalSection(SolutionConfigurationPlatforms) = preSolution
		Debug|Any CPU = Debug|Any CPU
		Release|Any CPU = Release|Any CPU
	EndGlobalSection
	GlobalSection(ProjectConfigurationPlatforms) = postSolution
		{57591660-DD2E-4BB8-808F-D4430A6ADDFE}.Debug|Any CPU.ActiveCfg = Debug|Any CPU
		{57591660-DD2E-4BB8-808F-D4430A6ADDFE}.Debug|Any CPU.Build.0 = Debug|Any CPU
		{57591660-DD2E-4BB8-808F-D4430A6ADDFE}.Release|Any CPU.ActiveCfg = Release|Any CPU
		{57591660-DD2E-4BB8-808F-D4430A6ADDFE}.Release|Any CPU.Build.0 = Release|Any CPU
	EndGlobalSection
	GlobalSection(SolutionProperties) = preSolution
		HideSolutionNode = FALSE
	EndGlobalSection
	GlobalSection(ExtensibilityGlobals) = postSolution
		SolutionGuid = {C162A06F-DE90-4259-9DBD-F0C3B5B4161F}
	EndGlobalSection
EndGlobal
